
Microsoft Visual Studio Solution File, Format Version 12.00
# Visual Studio Version 17
VisualStudioVersion = 17.5.002.0
MinimumVisualStudioVersion = 10.0.40219.1
Project("{9A19103F-16F7-4668-BE54-9A1E7A4F7556}") = "APIBaseLib", "APIBaseLib.csproj", "{2E9502B6-EDFA-4C8C-9AE2-3838B99DA961}"
EndProject
Global
	GlobalSection(SolutionConfigurationPlatforms) = preSolution
		Debug|Any CPU = Debug|Any CPU
		Release|Any CPU = Release|Any CPU
	EndGlobalSection
	GlobalSection(ProjectConfigurationPlatforms) = postSolution
		{2E9502B6-EDFA-4C8C-9AE2-3838B99DA961}.Debug|Any CPU.ActiveCfg = Debug|Any CPU
		{2E9502B6-EDFA-4C8C-9AE2-3838B99DA961}.Debug|Any CPU.Build.0 = Debug|Any CPU
		{2E9502B6-EDFA-4C8C-9AE2-3838B99DA961}.Release|Any CPU.ActiveCfg = Release|Any CPU
		{2E9502B6-EDFA-4C8C-9AE2-3838B99DA961}.Release|Any CPU.Build.0 = Release|Any CPU
	EndGlobalSection
	GlobalSection(SolutionProperties) = preSolution
		HideSolutionNode = FALSE
	EndGlobalSection
	GlobalSection(ExtensibilityGlobals) = postSolution
		SolutionGuid = {2A57535B-A333-4E1F-956C-AB9313913A08}
	EndGlobalSection
EndGlobal
